
Microsoft Visual Studio Solution File, Format Version 12.00
# Visual Studio Version 17
VisualStudioVersion = 17.8.34525.116
MinimumVisualStudioVersion = 10.0.40219.1
Project("{FAE04EC0-301F-11D3-BF4B-00C04F79EFBC}") = "ChallengeApp", "ChallengeApp\ChallengeApp.csproj", "{E909B5F0-0FE6-4012-B6D2-A3FAD34D219A}"
EndProject
Global
	GlobalSection(SolutionConfigurationPlatforms) = preSolution
		Debug|Any CPU = Debug|Any CPU
		Release|Any CPU = Release|Any CPU
	EndGlobalSection
	GlobalSection(ProjectConfigurationPlatforms) = postSolution
		{E909B5F0-0FE6-4012-B6D2-A3FAD34D219A}.Debug|Any CPU.ActiveCfg = Debug|Any CPU
		{E909B5F0-0FE6-4012-B6D2-A3FAD34D219A}.Debug|Any CPU.Build.0 = Debug|Any CPU
		{E909B5F0-0FE6-4012-B6D2-A3FAD34D219A}.Release|Any CPU.ActiveCfg = Release|Any CPU
		{E909B5F0-0FE6-4012-B6D2-A3FAD34D219A}.Release|Any CPU.Build.0 = Release|Any CPU
	EndGlobalSection
	GlobalSection(SolutionProperties) = preSolution
		HideSolutionNode = FALSE
	EndGlobalSection
	GlobalSection(ExtensibilityGlobals) = postSolution
		SolutionGuid = {4900E5D1-5F97-40C1-82C9-31FF89750307}
	EndGlobalSection
EndGlobal
